<?xml version="1.0" encoding="utf-8"?>
<Project ToolsVersion="4.0" xmlns="http://schemas.microsoft.com/developer/msbuild/2003">
  <ItemGroup>
    <Filter Include="Source Files">
      <UniqueIdentifier>{4FC737F1-C7A5-4376-A066-2A32D752A2FF}</UniqueIdentifier>
      <Extensions>cpp;c;cc;cxx;def;odl;idl;hpj;bat;asm;asmx</Extensions>
    </Filter>
    <Filter Include="Header Files">
      <UniqueIdentifier>{93995380-89BD-4b04-88EB-625FBE52EBFB}</UniqueIdentifier>
      <Extensions>h;hh;hpp;hxx;hm;inl;inc;xsd</Extensions>
    </Filter>
    <Filter Include="Resource Files">
      <UniqueIdentifier>{67DA6AB6-F800-4c08-8B7A-83BB121AAD01}</UniqueIdentifier>
      <Extensions>rc;ico;cur;bmp;dlg;rc2;rct;bin;rgs;gif;jpg;jpeg;jpe;resx;tiff;tif;png;wav;mfcribbon-ms</Extensions>
    </Filter>
    <Filter Include="Source Files\Canvas">
      <UniqueIdentifier>{9f5fb656-f5c9-4a2d-b262-c2f781efda43}</UniqueIdentifier>
    </Filter>
    <Filter Include="Source Files\Node">
      <UniqueIdentifier>{06688d78-0f31-4042-b07b-35f274fabadd}</UniqueIdentifier>
    </Filter>
    <Filter Include="Header Files\Canvas">
      <UniqueIdentifier>{6b89fa9b-eaad-4858-8ff4-9a2323e6da8c}</UniqueIdentifier>
    </Filter>
    <Filter Include="Source Files\Elements">
      <UniqueIdentifier>{143960a6-aeed-4a6e-826b-763fb5a7671a}</UniqueIdentifier>
    </Filter>
    <Filter Include="Source Files\mouse_events">
      <UniqueIdentifier>{0da4ebb0-8a7c-4dcc-be97-e4d81232a5fd}</UniqueIdentifier>
    </Filter>
    <Filter Include="Header Files\mouse_events">
      <UniqueIdentifier>{d9db099e-0cd6-458b-9805-cb17d20abc9f}</UniqueIdentifier>
    </Filter>
    <Filter Include="Header Files\Elements">
      <UniqueIdentifier>{66d19646-eec4-4215-806d-ea4f25427873}</UniqueIdentifier>
    </Filter>
  </ItemGroup>
  <ItemGroup>
    <ClCompile Include="allegro.c">
      <Filter>Source Files</Filter>
    </ClCompile>
    <ClCompile Include="Main.c">
      <Filter>Source Files</Filter>
    </ClCompile>
    <ClCompile Include="Loop.c">
      <Filter>Source Files</Filter>
    </ClCompile>
    <ClCompile Include="node_visualisation.c">
      <Filter>Source Files\Node</Filter>
    </ClCompile>
    <ClCompile Include="node_creation.c">
      <Filter>Source Files\Node</Filter>
    </ClCompile>
    <ClCompile Include="node_manipulation.c">
      <Filter>Source Files\Node</Filter>
    </ClCompile>
    <ClCompile Include="node_search.c">
      <Filter>Source Files\Node</Filter>
    </ClCompile>
    <ClCompile Include="SL.c">
      <Filter>Source Files\Node</Filter>
    </ClCompile>
    <ClCompile Include="c_manipulation.c">
      <Filter>Source Files\Canvas</Filter>
    </ClCompile>
    <ClCompile Include="c_draw.c">
      <Filter>Source Files\Canvas</Filter>
    </ClCompile>
    <ClCompile Include="c_draw_elements.c">
      <Filter>Source Files\Canvas</Filter>
    </ClCompile>
    <ClCompile Include="c_init_elements.c">
      <Filter>Source Files\Canvas</Filter>
    </ClCompile>
    <ClCompile Include="c_pages.c">
      <Filter>Source Files\Canvas</Filter>
    </ClCompile>
    <ClCompile Include="element_input_field.c">
      <Filter>Source Files\Elements</Filter>
    </ClCompile>
    <ClCompile Include="on_click.c">
      <Filter>Source Files\mouse_events</Filter>
    </ClCompile>
    <ClCompile Include="on_hover.c">
      <Filter>Source Files\mouse_events</Filter>
    </ClCompile>
    <ClCompile Include="on_scroll.c">
      <Filter>Source Files\mouse_events</Filter>
    </ClCompile>
    <ClCompile Include="mouse_events.c">
      <Filter>Source Files\mouse_events</Filter>
    </ClCompile>
  </ItemGroup>
  <ItemGroup>
    <ClInclude Include="list.h">
      <Filter>Header Files</Filter>
    </ClInclude>
    <ClInclude Include="c_draw_elements.h">
      <Filter>Header Files\Canvas</Filter>
    </ClInclude>
    <ClInclude Include="c_manipulation.h">
      <Filter>Header Files\Canvas</Filter>
    </ClInclude>
    <ClInclude Include="c_init_elements.h">
      <Filter>Header Files\Canvas</Filter>
    </ClInclude>
    <ClInclude Include="on_click.h">
      <Filter>Header Files\mouse_events</Filter>
    </ClInclude>
    <ClInclude Include="on_hover.h">
      <Filter>Header Files\mouse_events</Filter>
    </ClInclude>
    <ClInclude Include="on_scroll.h">
      <Filter>Header Files\mouse_events</Filter>
    </ClInclude>
    <ClInclude Include="element_input_field.h">
      <Filter>Header Files\Elements</Filter>
    </ClInclude>
    <ClInclude Include="mouse_events.h">
      <Filter>Header Files\mouse_events</Filter>
    </ClInclude>
    <ClInclude Include="c_pages.h">
      <Filter>Header Files\Canvas</Filter>
    </ClInclude>
    <ClInclude Include="canvas_ui.h">
      <Filter>Header Files</Filter>
    </ClInclude>
  </ItemGroup>
  <ItemGroup>
    <None Include="packages.config" />
  </ItemGroup>
</Project>